{
  "name": "scenario75-cyber-range",
  "version": "1.0.0",
  "lockfileVersion": 3,
  "requires": true,
  "packages": {
    "": {
      "name": "scenario75-cyber-range",
      "version": "1.0.0",
      "dependencies": {
        "cookie-parser": "^1.4.7",
        "express": "^5.1.0"
      }
    }
  }
}
